// !$*UTF8*$!
{
	archiveVersion = 1;
	classes = {
	};
	objectVersion = 52;
	objects = {

/* Begin PBXBuildFile section */
		CF2FE2F126C7061A0040A985 /* ShapeUpExampleApp.swift in Sources */ = {isa = PBXBuildFile; fileRef = CF2FE2F026C7061A0040A985 /* ShapeUpExampleApp.swift */; };
		CF2FE2F326C7061A0040A985 /* ContentView.swift in Sources */ = {isa = PBXBuildFile; fileRef = CF2FE2F226C7061A0040A985 /* ContentView.swift */; };
		CF2FE2F526C7061C0040A985 /* Assets.xcassets in Resources */ = {isa = PBXBuildFile; fileRef = CF2FE2F426C7061C0040A985 /* Assets.xcassets */; };
		CF2FE2F826C7061C0040A985 /* Preview Assets.xcassets in Resources */ = {isa = PBXBuildFile; fileRef = CF2FE2F726C7061C0040A985 /* Preview Assets.xcassets */; };
		CF2FE30126C7063D0040A985 /* ShapeUp in Frameworks */ = {isa = PBXBuildFile; productRef = CF2FE30026C7063D0040A985 /* ShapeUp */; };
		CF2FE30426C706AD0040A985 /* ShapeUpLogoView.swift in Sources */ = {isa = PBXBuildFile; fileRef = CF2FE30326C706AD0040A985 /* ShapeUpLogoView.swift */; };
		CF2FE30626C706EE0040A985 /* CornerCutRectangleExample.swift in Sources */ = {isa = PBXBuildFile; fileRef = CF2FE30526C706EE0040A985 /* CornerCutRectangleExample.swift */; };
		CF2FE30826C708D20040A985 /* CornerShapeExample.swift in Sources */ = {isa = PBXBuildFile; fileRef = CF2FE30726C708D20040A985 /* CornerShapeExample.swift */; };
		CF2FE30A26C70DC30040A985 /* NotchedRectangleExample.swift in Sources */ = {isa = PBXBuildFile; fileRef = CF2FE30926C70DC30040A985 /* NotchedRectangleExample.swift */; };
		CF2FE30C26C7124B0040A985 /* ShapeLibraryExample.swift in Sources */ = {isa = PBXBuildFile; fileRef = CF2FE30B26C7124B0040A985 /* ShapeLibraryExample.swift */; };
		CF2FE30E26C7145A0040A985 /* SketchyLineExample.swift in Sources */ = {isa = PBXBuildFile; fileRef = CF2FE30D26C7145A0040A985 /* SketchyLineExample.swift */; };
/* End PBXBuildFile section */

/* Begin PBXFileReference section */
		CF2FE2ED26C7061A0040A985 /* ShapeUpExample.app */ = {isa = PBXFileReference; explicitFileType = wrapper.application; includeInIndex = 0; path = ShapeUpExample.app; sourceTree = BUILT_PRODUCTS_DIR; };
		CF2FE2F026C7061A0040A985 /* ShapeUpExampleApp.swift */ = {isa = PBXFileReference; lastKnownFileType = sourcecode.swift; path = ShapeUpExampleApp.swift; sourceTree = "<group>"; };
		CF2FE2F226C7061A0040A985 /* ContentView.swift */ = {isa = PBXFileReference; lastKnownFileType = sourcecode.swift; path = ContentView.swift; sourceTree = "<group>"; };
		CF2FE2F426C7061C0040A985 /* Assets.xcassets */ = {isa = PBXFileReference; lastKnownFileType = folder.assetcatalog; path = Assets.xcassets; sourceTree = "<group>"; };
		CF2FE2F726C7061C0040A985 /* Preview Assets.xcassets */ = {isa = PBXFileReference; lastKnownFileType = folder.assetcatalog; path = "Preview Assets.xcassets"; sourceTree = "<group>"; };
		CF2FE2F926C7061C0040A985 /* Info.plist */ = {isa = PBXFileReference; lastKnownFileType = text.plist.xml; path = Info.plist; sourceTree = "<group>"; };
		CF2FE30226C706870040A985 /* ShapeUp */ = {isa = PBXFileReference; lastKnownFileType = folder; name = ShapeUp; path = ../ShapeUp; sourceTree = "<group>"; };
		CF2FE30326C706AD0040A985 /* ShapeUpLogoView.swift */ = {isa = PBXFileReference; lastKnownFileType = sourcecode.swift; path = ShapeUpLogoView.swift; sourceTree = "<group>"; };
		CF2FE30526C706EE0040A985 /* CornerCutRectangleExample.swift */ = {isa = PBXFileReference; lastKnownFileType = sourcecode.swift; path = CornerCutRectangleExample.swift; sourceTree = "<group>"; };
		CF2FE30726C708D20040A985 /* CornerShapeExample.swift */ = {isa = PBXFileReference; lastKnownFileType = sourcecode.swift; path = CornerShapeExample.swift; sourceTree = "<group>"; };
		CF2FE30926C70DC30040A985 /* NotchedRectangleExample.swift */ = {isa = PBXFileReference; lastKnownFileType = sourcecode.swift; path = NotchedRectangleExample.swift; sourceTree = "<group>"; };
		CF2FE30B26C7124B0040A985 /* ShapeLibraryExample.swift */ = {isa = PBXFileReference; lastKnownFileType = sourcecode.swift; path = ShapeLibraryExample.swift; sourceTree = "<group>"; };
		CF2FE30D26C7145A0040A985 /* SketchyLineExample.swift */ = {isa = PBXFileReference; lastKnownFileType = sourcecode.swift; path = SketchyLineExample.swift; sourceTree = "<group>"; };
/* End PBXFileReference section */

/* Begin PBXFrameworksBuildPhase section */
		CF2FE2EA26C7061A0040A985 /* Frameworks */ = {
			isa = PBXFrameworksBuildPhase;
			buildActionMask = 2147483647;
			files = (
				CF2FE30126C7063D0040A985 /* ShapeUp in Frameworks */,
			);
			runOnlyForDeploymentPostprocessing = 0;
		};
/* End PBXFrameworksBuildPhase section */

/* Begin PBXGroup section */
		CF2FE2E426C7061A0040A985 = {
			isa = PBXGroup;
			children = (
				CF2FE30226C706870040A985 /* ShapeUp */,
				CF2FE2EF26C7061A0040A985 /* ShapeUpExample */,
				CF2FE2EE26C7061A0040A985 /* Products */,
			);
			sourceTree = "<group>";
		};
		CF2FE2EE26C7061A0040A985 /* Products */ = {
			isa = PBXGroup;
			children = (
				CF2FE2ED26C7061A0040A985 /* ShapeUpExample.app */,
			);
			name = Products;
			sourceTree = "<group>";
		};
		CF2FE2EF26C7061A0040A985 /* ShapeUpExample */ = {
			isa = PBXGroup;
			children = (
				CF2FE2F026C7061A0040A985 /* ShapeUpExampleApp.swift */,
				CF2FE2F226C7061A0040A985 /* ContentView.swift */,
				CF2FE30326C706AD0040A985 /* ShapeUpLogoView.swift */,
				CF2FE30526C706EE0040A985 /* CornerCutRectangleExample.swift */,
				CF2FE30726C708D20040A985 /* CornerShapeExample.swift */,
				CF2FE30926C70DC30040A985 /* NotchedRectangleExample.swift */,
				CF2FE30B26C7124B0040A985 /* ShapeLibraryExample.swift */,
				CF2FE30D26C7145A0040A985 /* SketchyLineExample.swift */,
				CF2FE2F426C7061C0040A985 /* Assets.xcassets */,
				CF2FE2F926C7061C0040A985 /* Info.plist */,
				CF2FE2F626C7061C0040A985 /* Preview Content */,
			);
			path = ShapeUpExample;
			sourceTree = "<group>";
		};
		CF2FE2F626C7061C0040A985 /* Preview Content */ = {
			isa = PBXGroup;
			children = (
				CF2FE2F726C7061C0040A985 /* Preview Assets.xcassets */,
			);
			path = "Preview Content";
			sourceTree = "<group>";
		};
/* End PBXGroup section */

/* Begin PBXNativeTarget section */
		CF2FE2EC26C7061A0040A985 /* ShapeUpExample */ = {
			isa = PBXNativeTarget;
			buildConfigurationList = CF2FE2FC26C7061C0040A985 /* Build configuration list for PBXNativeTarget "ShapeUpExample" */;
			buildPhases = (
				CF2FE2E926C7061A0040A985 /* Sources */,
				CF2FE2EA26C7061A0040A985 /* Frameworks */,
				CF2FE2EB26C7061A0040A985 /* Resources */,
			);
			buildRules = (
			);
			dependencies = (
			);
			name = ShapeUpExample;
			packageProductDependencies = (
				CF2FE30026C7063D0040A985 /* ShapeUp */,
			);
			productName = ShapeUpExample;
			productReference = CF2FE2ED26C7061A0040A985 /* ShapeUpExample.app */;
			productType = "com.apple.product-type.application";
		};
/* End PBXNativeTarget section */

/* Begin PBXProject section */
		CF2FE2E526C7061A0040A985 /* Project object */ = {
			isa = PBXProject;
			attributes = {
				LastSwiftUpdateCheck = 1250;
				LastUpgradeCheck = 1250;
				TargetAttributes = {
					CF2FE2EC26C7061A0040A985 = {
						CreatedOnToolsVersion = 12.5.1;
					};
				};
			};
			buildConfigurationList = CF2FE2E826C7061A0040A985 /* Build configuration list for PBXProject "ShapeUpExample" */;
			compatibilityVersion = "Xcode 9.3";
			developmentRegion = en;
			hasScannedForEncodings = 0;
			knownRegions = (
				en,
				Base,
			);
			mainGroup = CF2FE2E426C7061A0040A985;
			packageReferences = (
				CF2FE2FF26C7063D0040A985 /* XCRemoteSwiftPackageReference "ShapeUp" */,
			);
			productRefGroup = CF2FE2EE26C7061A0040A985 /* Products */;
			projectDirPath = "";
			projectRoot = "";
			targets = (
				CF2FE2EC26C7061A0040A985 /* ShapeUpExample */,
			);
		};
/* End PBXProject section */

/* Begin PBXResourcesBuildPhase section */
		CF2FE2EB26C7061A0040A985 /* Resources */ = {
			isa = PBXResourcesBuildPhase;
			buildActionMask = 2147483647;
			files = (
				CF2FE2F826C7061C0040A985 /* Preview Assets.xcassets in Resources */,
				CF2FE2F526C7061C0040A985 /* Assets.xcassets in Resources */,
			);
			runOnlyForDeploymentPostprocessing = 0;
		};
/* End PBXResourcesBuildPhase section */

/* Begin PBXSourcesBuildPhase section */
		CF2FE2E926C7061A0040A985 /* Sources */ = {
			isa = PBXSourcesBuildPhase;
			buildActionMask = 2147483647;
			files = (
				CF2FE30C26C7124B0040A985 /* ShapeLibraryExample.swift in Sources */,
				CF2FE30626C706EE0040A985 /* CornerCutRectangleExample.swift in Sources */,
				CF2FE30E26C7145A0040A985 /* SketchyLineExample.swift in Sources */,
				CF2FE30426C706AD0040A985 /* ShapeUpLogoView.swift in Sources */,
				CF2FE2F326C7061A0040A985 /* ContentView.swift in Sources */,
				CF2FE30826C708D20040A985 /* CornerShapeExample.swift in Sources */,
				CF2FE30A26C70DC30040A985 /* NotchedRectangleExample.swift in Sources */,
				CF2FE2F126C7061A0040A985 /* ShapeUpExampleApp.swift in Sources */,
			);
			runOnlyForDeploymentPostprocessing = 0;
		};
/* End PBXSourcesBuildPhase section */

/* Begin XCBuildConfiguration section */
		CF2FE2FA26C7061C0040A985 /* Debug */ = {
			isa = XCBuildConfiguration;
			buildSettings = {
				ALWAYS_SEARCH_USER_PATHS = NO;
				CLANG_ANALYZER_NONNULL = YES;
				CLANG_ANALYZER_NUMBER_OBJECT_CONVERSION = YES_AGGRESSIVE;
				CLANG_CXX_LANGUAGE_STANDARD = "gnu++14";
				CLANG_CXX_LIBRARY = "libc++";
				CLANG_ENABLE_MODULES = YES;
				CLANG_ENABLE_OBJC_ARC = YES;
				CLANG_ENABLE_OBJC_WEAK = YES;
				CLANG_WARN_BLOCK_CAPTURE_AUTORELEASING = YES;
				CLANG_WARN_BOOL_CONVERSION = YES;
				CLANG_WARN_COMMA = YES;
				CLANG_WARN_CONSTANT_CONVERSION = YES;
				CLANG_WARN_DEPRECATED_OBJC_IMPLEMENTATIONS = YES;
				CLANG_WARN_DIRECT_OBJC_ISA_USAGE = YES_ERROR;
				CLANG_WARN_DOCUMENTATION_COMMENTS = YES;
				CLANG_WARN_EMPTY_BODY = YES;
				CLANG_WARN_ENUM_CONVERSION = YES;
				CLANG_WARN_INFINITE_RECURSION = YES;
				CLANG_WARN_INT_CONVERSION = YES;
				CLANG_WARN_NON_LITERAL_NULL_CONVERSION = YES;
				CLANG_WARN_OBJC_IMPLICIT_RETAIN_SELF = YES;
				CLANG_WARN_OBJC_LITERAL_CONVERSION = YES;
				CLANG_WARN_OBJC_ROOT_CLASS = YES_ERROR;
				CLANG_WARN_QUOTED_INCLUDE_IN_FRAMEWORK_HEADER = YES;
				CLANG_WARN_RANGE_LOOP_ANALYSIS = YES;
				CLANG_WARN_STRICT_PROTOTYPES = YES;
				CLANG_WARN_SUSPICIOUS_MOVE = YES;
				CLANG_WARN_UNGUARDED_AVAILABILITY = YES_AGGRESSIVE;
				CLANG_WARN_UNREACHABLE_CODE = YES;
				CLANG_WARN__DUPLICATE_METHOD_MATCH = YES;
				COPY_PHASE_STRIP = NO;
				DEBUG_INFORMATION_FORMAT = dwarf;
				ENABLE_STRICT_OBJC_MSGSEND = YES;
				ENABLE_TESTABILITY = YES;
				GCC_C_LANGUAGE_STANDARD = gnu11;
				GCC_DYNAMIC_NO_PIC = NO;
				GCC_NO_COMMON_BLOCKS = YES;
				GCC_OPTIMIZATION_LEVEL = 0;
				GCC_PREPROCESSOR_DEFINITIONS = (
					"DEBUG=1",
					"$(inherited)",
				);
				GCC_WARN_64_TO_32_BIT_CONVERSION = YES;
				GCC_WARN_ABOUT_RETURN_TYPE = YES_ERROR;
				GCC_WARN_UNDECLARED_SELECTOR = YES;
				GCC_WARN_UNINITIALIZED_AUTOS = YES_AGGRESSIVE;
				GCC_WARN_UNUSED_FUNCTION = YES;
				GCC_WARN_UNUSED_VARIABLE = YES;
				IPHONEOS_DEPLOYMENT_TARGET = 14.5;
				MTL_ENABLE_DEBUG_INFO = INCLUDE_SOURCE;
				MTL_FAST_MATH = YES;
				ONLY_ACTIVE_ARCH = YES;
				SDKROOT = iphoneos;
				SWIFT_ACTIVE_COMPILATION_CONDITIONS = DEBUG;
				SWIFT_OPTIMIZATION_LEVEL = "-Onone";
			};
			name = Debug;
		};
		CF2FE2FB26C7061C0040A985 /* Release */ = {
			isa = XCBuildConfiguration;
			buildSettings = {
				ALWAYS_SEARCH_USER_PATHS = NO;
				CLANG_ANALYZER_NONNULL = YES;
				CLANG_ANALYZER_NUMBER_OBJECT_CONVERSION = YES_AGGRESSIVE;
				CLANG_CXX_LANGUAGE_STANDARD = "gnu++14";
				CLANG_CXX_LIBRARY = "libc++";
				CLANG_ENABLE_MODULES = YES;
				CLANG_ENABLE_OBJC_ARC = YES;
				CLANG_ENABLE_OBJC_WEAK = YES;
				CLANG_WARN_BLOCK_CAPTURE_AUTORELEASING = YES;
				CLANG_WARN_BOOL_CONVERSION = YES;
				CLANG_WARN_COMMA = YES;
				CLANG_WARN_CONSTANT_CONVERSION = YES;
				CLANG_WARN_DEPRECATED_OBJC_IMPLEMENTATIONS = YES;
				CLANG_WARN_DIRECT_OBJC_ISA_USAGE = YES_ERROR;
				CLANG_WARN_DOCUMENTATION_COMMENTS = YES;
				CLANG_WARN_EMPTY_BODY = YES;
				CLANG_WARN_ENUM_CONVERSION = YES;
				CLANG_WARN_INFINITE_RECURSION = YES;
				CLANG_WARN_INT_CONVERSION = YES;
				CLANG_WARN_NON_LITERAL_NULL_CONVERSION = YES;
				CLANG_WARN_OBJC_IMPLICIT_RETAIN_SELF = YES;
				CLANG_WARN_OBJC_LITERAL_CONVERSION = YES;
				CLANG_WARN_OBJC_ROOT_CLASS = YES_ERROR;
				CLANG_WARN_QUOTED_INCLUDE_IN_FRAMEWORK_HEADER = YES;
				CLANG_WARN_RANGE_LOOP_ANALYSIS = YES;
				CLANG_WARN_STRICT_PROTOTYPES = YES;
				CLANG_WARN_SUSPICIOUS_MOVE = YES;
				CLANG_WARN_UNGUARDED_AVAILABILITY = YES_AGGRESSIVE;
				CLANG_WARN_UNREACHABLE_CODE = YES;
				CLANG_WARN__DUPLICATE_METHOD_MATCH = YES;
				COPY_PHASE_STRIP = NO;
				DEBUG_INFORMATION_FORMAT = "dwarf-with-dsym";
				ENABLE_NS_ASSERTIONS = NO;
				ENABLE_STRICT_OBJC_MSGSEND = YES;
				GCC_C_LANGUAGE_STANDARD = gnu11;
				GCC_NO_COMMON_BLOCKS = YES;
				GCC_WARN_64_TO_32_BIT_CONVERSION = YES;
				GCC_WARN_ABOUT_RETURN_TYPE = YES_ERROR;
				GCC_WARN_UNDECLARED_SELECTOR = YES;
				GCC_WARN_UNINITIALIZED_AUTOS = YES_AGGRESSIVE;
				GCC_WARN_UNUSED_FUNCTION = YES;
				GCC_WARN_UNUSED_VARIABLE = YES;
				IPHONEOS_DEPLOYMENT_TARGET = 14.5;
				MTL_ENABLE_DEBUG_INFO = NO;
				MTL_FAST_MATH = YES;
				SDKROOT = iphoneos;
				SWIFT_COMPILATION_MODE = wholemodule;
				SWIFT_OPTIMIZATION_LEVEL = "-O";
				VALIDATE_PRODUCT = YES;
			};
			name = Release;
		};
		CF2FE2FD26C7061C0040A985 /* Debug */ = {
			isa = XCBuildConfiguration;
			buildSettings = {
				ASSETCATALOG_COMPILER_APPICON_NAME = AppIcon;
				ASSETCATALOG_COMPILER_GLOBAL_ACCENT_COLOR_NAME = AccentColor;
				CODE_SIGN_STYLE = Automatic;
				DEVELOPMENT_ASSET_PATHS = "\"ShapeUpExample/Preview Content\"";
				DEVELOPMENT_TEAM = 97423JQ8B9;
				ENABLE_PREVIEWS = YES;
				INFOPLIST_FILE = ShapeUpExample/Info.plist;
				IPHONEOS_DEPLOYMENT_TARGET = 14.0;
				LD_RUNPATH_SEARCH_PATHS = (
					"$(inherited)",
					"@executable_path/Frameworks",
				);
				PRODUCT_BUNDLE_IDENTIFIER = com.abetterwaytodo.ShapeUpExample;
				PRODUCT_NAME = "$(TARGET_NAME)";
				SWIFT_VERSION = 5.0;
				TARGETED_DEVICE_FAMILY = "1,2";
			};
			name = Debug;
		};
		CF2FE2FE26C7061C0040A985 /* Release */ = {
			isa = XCBuildConfiguration;
			buildSettings = {
				ASSETCATALOG_COMPILER_APPICON_NAME = AppIcon;
				ASSETCATALOG_COMPILER_GLOBAL_ACCENT_COLOR_NAME = AccentColor;
				CODE_SIGN_STYLE = Automatic;
				DEVELOPMENT_ASSET_PATHS = "\"ShapeUpExample/Preview Content\"";
				DEVELOPMENT_TEAM = 97423JQ8B9;
				ENABLE_PREVIEWS = YES;
				INFOPLIST_FILE = ShapeUpExample/Info.plist;
				IPHONEOS_DEPLOYMENT_TARGET = 14.0;
				LD_RUNPATH_SEARCH_PATHS = (
					"$(inherited)",
					"@executable_path/Frameworks",
				);
				PRODUCT_BUNDLE_IDENTIFIER = com.abetterwaytodo.ShapeUpExample;
				PRODUCT_NAME = "$(TARGET_NAME)";
				SWIFT_VERSION = 5.0;
				TARGETED_DEVICE_FAMILY = "1,2";
			};
			name = Release;
		};
/* End XCBuildConfiguration section */

/* Begin XCConfigurationList section */
		CF2FE2E826C7061A0040A985 /* Build configuration list for PBXProject "ShapeUpExample" */ = {
			isa = XCConfigurationList;
			buildConfigurations = (
				CF2FE2FA26C7061C0040A985 /* Debug */,
				CF2FE2FB26C7061C0040A985 /* Release */,
			);
			defaultConfigurationIsVisible = 0;
			defaultConfigurationName = Release;
		};
		CF2FE2FC26C7061C0040A985 /* Build configuration list for PBXNativeTarget "ShapeUpExample" */ = {
			isa = XCConfigurationList;
			buildConfigurations = (
				CF2FE2FD26C7061C0040A985 /* Debug */,
				CF2FE2FE26C7061C0040A985 /* Release */,
			);
			defaultConfigurationIsVisible = 0;
			defaultConfigurationName = Release;
		};
/* End XCConfigurationList section */

/* Begin XCRemoteSwiftPackageReference section */
		CF2FE2FF26C7063D0040A985 /* XCRemoteSwiftPackageReference "ShapeUp" */ = {
			isa = XCRemoteSwiftPackageReference;
			repositoryURL = "https://github.com/ryanlintott/ShapeUp.git";
			requirement = {
				branch = main;
				kind = branch;
			};
		};
/* End XCRemoteSwiftPackageReference section */

/* Begin XCSwiftPackageProductDependency section */
		CF2FE30026C7063D0040A985 /* ShapeUp */ = {
			isa = XCSwiftPackageProductDependency;
			package = CF2FE2FF26C7063D0040A985 /* XCRemoteSwiftPackageReference "ShapeUp" */;
			productName = ShapeUp;
		};
/* End XCSwiftPackageProductDependency section */
	};
	rootObject = CF2FE2E526C7061A0040A985 /* Project object */;
}
