{
  "object": {
    "pins": [
      {
        "package": "ShapeUp",
        "repositoryURL": "https://github.com/ryanlintott/ShapeUp.git",
        "state": {
          "branch": "main",
          "revision": "01445da83c9e253be22ad453c2d4a44e076f0c19",
          "version": null
        }
      }
    ]
  },
  "version": 1
}
